// !$*UTF8*$!
{
	archiveVersion = 1;
	classes = {
	};
	objectVersion = 46;
	objects = {

/* Begin PBXBuildFile section */
		702258A61F5BF6490045C26D /* AppDelegate.swift in Sources */ = {isa = PBXBuildFile; fileRef = 702258A51F5BF6490045C26D /* AppDelegate.swift */; };
		702258A81F5BF6490045C26D /* ViewController.swift in Sources */ = {isa = PBXBuildFile; fileRef = 702258A71F5BF6490045C26D /* ViewController.swift */; };
		702258AB1F5BF6490045C26D /* Main.storyboard in Resources */ = {isa = PBXBuildFile; fileRef = 702258A91F5BF6490045C26D /* Main.storyboard */; };
		702258AD1F5BF6490045C26D /* Assets.xcassets in Resources */ = {isa = PBXBuildFile; fileRef = 702258AC1F5BF6490045C26D /* Assets.xcassets */; };
		702258B01F5BF6490045C26D /* LaunchScreen.storyboard in Resources */ = {isa = PBXBuildFile; fileRef = 702258AE1F5BF6490045C26D /* LaunchScreen.storyboard */; };
/* End PBXBuildFile section */

/* Begin PBXFileReference section */
		702258A21F5BF6490045C26D /* sportsClicker.app */ = {isa = PBXFileReference; explicitFileType = wrapper.application; includeInIndex = 0; path = sportsClicker.app; sourceTree = BUILT_PRODUCTS_DIR; };
		702258A51F5BF6490045C26D /* AppDelegate.swift */ = {isa = PBXFileReference; lastKnownFileType = sourcecode.swift; path = AppDelegate.swift; sourceTree = "<group>"; };
		702258A71F5BF6490045C26D /* ViewController.swift */ = {isa = PBXFileReference; lastKnownFileType = sourcecode.swift; path = ViewController.swift; sourceTree = "<group>"; };
		702258AA1F5BF6490045C26D /* Base */ = {isa = PBXFileReference; lastKnownFileType = file.storyboard; name = Base; path = Base.lproj/Main.storyboard; sourceTree = "<group>"; };
		702258AC1F5BF6490045C26D /* Assets.xcassets */ = {isa = PBXFileReference; lastKnownFileType = folder.assetcatalog; path = Assets.xcassets; sourceTree = "<group>"; };
		702258AF1F5BF6490045C26D /* Base */ = {isa = PBXFileReference; lastKnownFileType = file.storyboard; name = Base; path = Base.lproj/LaunchScreen.storyboard; sourceTree = "<group>"; };
		702258B11F5BF6490045C26D /* Info.plist */ = {isa = PBXFileReference; lastKnownFileType = text.plist.xml; path = Info.plist; sourceTree = "<group>"; };
/* End PBXFileReference section */

/* Begin PBXFrameworksBuildPhase section */
		7022589F1F5BF6490045C26D /* Frameworks */ = {
			isa = PBXFrameworksBuildPhase;
			buildActionMask = 2147483647;
			files = (
			);
			runOnlyForDeploymentPostprocessing = 0;
		};
/* End PBXFrameworksBuildPhase section */

/* Begin PBXGroup section */
		702258991F5BF6480045C26D = {
			isa = PBXGroup;
			children = (
				702258A41F5BF6490045C26D /* sportsClicker */,
				702258A31F5BF6490045C26D /* Products */,
			);
			sourceTree = "<group>";
		};
		702258A31F5BF6490045C26D /* Products */ = {
			isa = PBXGroup;
			children = (
				702258A21F5BF6490045C26D /* sportsClicker.app */,
			);
			name = Products;
			sourceTree = "<group>";
		};
		702258A41F5BF6490045C26D /* sportsClicker */ = {
			isa = PBXGroup;
			children = (
				702258A51F5BF6490045C26D /* AppDelegate.swift */,
				702258A71F5BF6490045C26D /* ViewController.swift */,
				702258A91F5BF6490045C26D /* Main.storyboard */,
				702258AC1F5BF6490045C26D /* Assets.xcassets */,
				702258AE1F5BF6490045C26D /* LaunchScreen.storyboard */,
				702258B11F5BF6490045C26D /* Info.plist */,
			);
			path = sportsClicker;
			sourceTree = "<group>";
		};
/* End PBXGroup section */

/* Begin PBXNativeTarget section */
		702258A11F5BF6490045C26D /* sportsClicker */ = {
			isa = PBXNativeTarget;
			buildConfigurationList = 702258B41F5BF6490045C26D /* Build configuration list for PBXNativeTarget "sportsClicker" */;
			buildPhases = (
				7022589E1F5BF6490045C26D /* Sources */,
				7022589F1F5BF6490045C26D /* Frameworks */,
				702258A01F5BF6490045C26D /* Resources */,
			);
			buildRules = (
			);
			dependencies = (
			);
			name = sportsClicker;
			productName = sportsClicker;
			productReference = 702258A21F5BF6490045C26D /* sportsClicker.app */;
			productType = "com.apple.product-type.application";
		};
/* End PBXNativeTarget section */

/* Begin PBXProject section */
		7022589A1F5BF6480045C26D /* Project object */ = {
			isa = PBXProject;
			attributes = {
				LastSwiftUpdateCheck = 0830;
				LastUpgradeCheck = 0830;
				ORGANIZATIONNAME = egoDev;
				TargetAttributes = {
					702258A11F5BF6490045C26D = {
						CreatedOnToolsVersion = 8.3.3;
						DevelopmentTeam = 895Q7MTPTC;
						ProvisioningStyle = Automatic;
					};
				};
			};
			buildConfigurationList = 7022589D1F5BF6480045C26D /* Build configuration list for PBXProject "sportsClicker" */;
			compatibilityVersion = "Xcode 3.2";
			developmentRegion = English;
			hasScannedForEncodings = 0;
			knownRegions = (
				en,
				Base,
			);
			mainGroup = 702258991F5BF6480045C26D;
			productRefGroup = 702258A31F5BF6490045C26D /* Products */;
			projectDirPath = "";
			projectRoot = "";
			targets = (
				702258A11F5BF6490045C26D /* sportsClicker */,
			);
		};
/* End PBXProject section */

/* Begin PBXResourcesBuildPhase section */
		702258A01F5BF6490045C26D /* Resources */ = {
			isa = PBXResourcesBuildPhase;
			buildActionMask = 2147483647;
			files = (
				702258B01F5BF6490045C26D /* LaunchScreen.storyboard in Resources */,
				702258AD1F5BF6490045C26D /* Assets.xcassets in Resources */,
				702258AB1F5BF6490045C26D /* Main.storyboard in Resources */,
			);
			runOnlyForDeploymentPostprocessing = 0;
		};
/* End PBXResourcesBuildPhase section */

/* Begin PBXSourcesBuildPhase section */
		7022589E1F5BF6490045C26D /* Sources */ = {
			isa = PBXSourcesBuildPhase;
			buildActionMask = 2147483647;
			files = (
				702258A81F5BF6490045C26D /* ViewController.swift in Sources */,
				702258A61F5BF6490045C26D /* AppDelegate.swift in Sources */,
			);
			runOnlyForDeploymentPostprocessing = 0;
		};
/* End PBXSourcesBuildPhase section */

/* Begin PBXVariantGroup section */
		702258A91F5BF6490045C26D /* Main.storyboard */ = {
			isa = PBXVariantGroup;
			children = (
				702258AA1F5BF6490045C26D /* Base */,
			);
			name = Main.storyboard;
			sourceTree = "<group>";
		};
		702258AE1F5BF6490045C26D /* LaunchScreen.storyboard */ = {
			isa = PBXVariantGroup;
			children = (
				702258AF1F5BF6490045C26D /* Base */,
			);
			name = LaunchScreen.storyboard;
			sourceTree = "<group>";
		};
/* End PBXVariantGroup section */

/* Begin XCBuildConfiguration section */
		702258B21F5BF6490045C26D /* Debug */ = {
			isa = XCBuildConfiguration;
			buildSettings = {
				ALWAYS_SEARCH_USER_PATHS = NO;
				CLANG_ANALYZER_NONNULL = YES;
				CLANG_ANALYZER_NUMBER_OBJECT_CONVERSION = YES_AGGRESSIVE;
				CLANG_CXX_LANGUAGE_STANDARD = "gnu++0x";
				CLANG_CXX_LIBRARY = "libc++";
				CLANG_ENABLE_MODULES = YES;
				CLANG_ENABLE_OBJC_ARC = YES;
				CLANG_WARN_BOOL_CONVERSION = YES;
				CLANG_WARN_CONSTANT_CONVERSION = YES;
				CLANG_WARN_DIRECT_OBJC_ISA_USAGE = YES_ERROR;
				CLANG_WARN_DOCUMENTATION_COMMENTS = YES;
				CLANG_WARN_EMPTY_BODY = YES;
				CLANG_WARN_ENUM_CONVERSION = YES;
				CLANG_WARN_INFINITE_RECURSION = YES;
				CLANG_WARN_INT_CONVERSION = YES;
				CLANG_WARN_OBJC_ROOT_CLASS = YES_ERROR;
				CLANG_WARN_SUSPICIOUS_MOVE = YES;
				CLANG_WARN_UNREACHABLE_CODE = YES;
				CLANG_WARN__DUPLICATE_METHOD_MATCH = YES;
				"CODE_SIGN_IDENTITY[sdk=iphoneos*]" = "iPhone Developer";
				COPY_PHASE_STRIP = NO;
				DEBUG_INFORMATION_FORMAT = dwarf;
				ENABLE_STRICT_OBJC_MSGSEND = YES;
				ENABLE_TESTABILITY = YES;
				GCC_C_LANGUAGE_STANDARD = gnu99;
				GCC_DYNAMIC_NO_PIC = NO;
				GCC_NO_COMMON_BLOCKS = YES;
				GCC_OPTIMIZATION_LEVEL = 0;
				GCC_PREPROCESSOR_DEFINITIONS = (
					"DEBUG=1",
					"$(inherited)",
				);
				GCC_WARN_64_TO_32_BIT_CONVERSION = YES;
				GCC_WARN_ABOUT_RETURN_TYPE = YES_ERROR;
				GCC_WARN_UNDECLARED_SELECTOR = YES;
				GCC_WARN_UNINITIALIZED_AUTOS = YES_AGGRESSIVE;
				GCC_WARN_UNUSED_FUNCTION = YES;
				GCC_WARN_UNUSED_VARIABLE = YES;
				IPHONEOS_DEPLOYMENT_TARGET = 10.3;
				MTL_ENABLE_DEBUG_INFO = YES;
				ONLY_ACTIVE_ARCH = YES;
				SDKROOT = iphoneos;
				SWIFT_ACTIVE_COMPILATION_CONDITIONS = DEBUG;
				SWIFT_OPTIMIZATION_LEVEL = "-Onone";
			};
			name = Debug;
		};
		702258B31F5BF6490045C26D /* Release */ = {
			isa = XCBuildConfiguration;
			buildSettings = {
				ALWAYS_SEARCH_USER_PATHS = NO;
				CLANG_ANALYZER_NONNULL = YES;
				CLANG_ANALYZER_NUMBER_OBJECT_CONVERSION = YES_AGGRESSIVE;
				CLANG_CXX_LANGUAGE_STANDARD = "gnu++0x";
				CLANG_CXX_LIBRARY = "libc++";
				CLANG_ENABLE_MODULES = YES;
				CLANG_ENABLE_OBJC_ARC = YES;
				CLANG_WARN_BOOL_CONVERSION = YES;
				CLANG_WARN_CONSTANT_CONVERSION = YES;
				CLANG_WARN_DIRECT_OBJC_ISA_USAGE = YES_ERROR;
				CLANG_WARN_DOCUMENTATION_COMMENTS = YES;
				CLANG_WARN_EMPTY_BODY = YES;
				CLANG_WARN_ENUM_CONVERSION = YES;
				CLANG_WARN_INFINITE_RECURSION = YES;
				CLANG_WARN_INT_CONVERSION = YES;
				CLANG_WARN_OBJC_ROOT_CLASS = YES_ERROR;
				CLANG_WARN_SUSPICIOUS_MOVE = YES;
				CLANG_WARN_UNREACHABLE_CODE = YES;
				CLANG_WARN__DUPLICATE_METHOD_MATCH = YES;
				"CODE_SIGN_IDENTITY[sdk=iphoneos*]" = "iPhone Developer";
				COPY_PHASE_STRIP = NO;
				DEBUG_INFORMATION_FORMAT = "dwarf-with-dsym";
				ENABLE_NS_ASSERTIONS = NO;
				ENABLE_STRICT_OBJC_MSGSEND = YES;
				GCC_C_LANGUAGE_STANDARD = gnu99;
				GCC_NO_COMMON_BLOCKS = YES;
				GCC_WARN_64_TO_32_BIT_CONVERSION = YES;
				GCC_WARN_ABOUT_RETURN_TYPE = YES_ERROR;
				GCC_WARN_UNDECLARED_SELECTOR = YES;
				GCC_WARN_UNINITIALIZED_AUTOS = YES_AGGRESSIVE;
				GCC_WARN_UNUSED_FUNCTION = YES;
				GCC_WARN_UNUSED_VARIABLE = YES;
				IPHONEOS_DEPLOYMENT_TARGET = 10.3;
				MTL_ENABLE_DEBUG_INFO = NO;
				SDKROOT = iphoneos;
				SWIFT_OPTIMIZATION_LEVEL = "-Owholemodule";
				VALIDATE_PRODUCT = YES;
			};
			name = Release;
		};
		702258B51F5BF6490045C26D /* Debug */ = {
			isa = XCBuildConfiguration;
			buildSettings = {
				ASSETCATALOG_COMPILER_APPICON_NAME = AppIcon;
				DEVELOPMENT_TEAM = 895Q7MTPTC;
				INFOPLIST_FILE = sportsClicker/Info.plist;
				LD_RUNPATH_SEARCH_PATHS = "$(inherited) @executable_path/Frameworks";
				PRODUCT_BUNDLE_IDENTIFIER = uk.egodev.sportsClicker;
				PRODUCT_NAME = "$(TARGET_NAME)";
				SWIFT_VERSION = 3.0;
			};
			name = Debug;
		};
		702258B61F5BF6490045C26D /* Release */ = {
			isa = XCBuildConfiguration;
			buildSettings = {
				ASSETCATALOG_COMPILER_APPICON_NAME = AppIcon;
				DEVELOPMENT_TEAM = 895Q7MTPTC;
				INFOPLIST_FILE = sportsClicker/Info.plist;
				LD_RUNPATH_SEARCH_PATHS = "$(inherited) @executable_path/Frameworks";
				PRODUCT_BUNDLE_IDENTIFIER = uk.egodev.sportsClicker;
				PRODUCT_NAME = "$(TARGET_NAME)";
				SWIFT_VERSION = 3.0;
			};
			name = Release;
		};
/* End XCBuildConfiguration section */

/* Begin XCConfigurationList section */
		7022589D1F5BF6480045C26D /* Build configuration list for PBXProject "sportsClicker" */ = {
			isa = XCConfigurationList;
			buildConfigurations = (
				702258B21F5BF6490045C26D /* Debug */,
				702258B31F5BF6490045C26D /* Release */,
			);
			defaultConfigurationIsVisible = 0;
			defaultConfigurationName = Release;
		};
		702258B41F5BF6490045C26D /* Build configuration list for PBXNativeTarget "sportsClicker" */ = {
			isa = XCConfigurationList;
			buildConfigurations = (
				702258B51F5BF6490045C26D /* Debug */,
				702258B61F5BF6490045C26D /* Release */,
			);
			defaultConfigurationIsVisible = 0;
		};
/* End XCConfigurationList section */
	};
	rootObject = 7022589A1F5BF6480045C26D /* Project object */;
}
